
Microsoft Visual Studio Solution File, Format Version 12.00
# Visual Studio Version 16
VisualStudioVersion = 16.0.34407.143
MinimumVisualStudioVersion = 10.0.40219.1
Project("{FAE04EC0-301F-11D3-BF4B-00C04F79EFBC}") = "Agenda2024", "Agenda2024\Agenda2024.csproj", "{B4DDE5A5-58C8-47E0-8526-D4E56B22B596}"
EndProject
Global
	GlobalSection(SolutionConfigurationPlatforms) = preSolution
		Debug|Any CPU = Debug|Any CPU
		Release|Any CPU = Release|Any CPU
	EndGlobalSection
	GlobalSection(ProjectConfigurationPlatforms) = postSolution
		{B4DDE5A5-58C8-47E0-8526-D4E56B22B596}.Debug|Any CPU.ActiveCfg = Debug|Any CPU
		{B4DDE5A5-58C8-47E0-8526-D4E56B22B596}.Debug|Any CPU.Build.0 = Debug|Any CPU
		{B4DDE5A5-58C8-47E0-8526-D4E56B22B596}.Release|Any CPU.ActiveCfg = Release|Any CPU
		{B4DDE5A5-58C8-47E0-8526-D4E56B22B596}.Release|Any CPU.Build.0 = Release|Any CPU
	EndGlobalSection
	GlobalSection(SolutionProperties) = preSolution
		HideSolutionNode = FALSE
	EndGlobalSection
	GlobalSection(ExtensibilityGlobals) = postSolution
		SolutionGuid = {3D7C8410-B2BF-422E-A8F8-282ED3A94E40}
	EndGlobalSection
EndGlobal
